
Microsoft Visual Studio Solution File, Format Version 12.00
# Visual Studio 15
VisualStudioVersion = 15.0.26730.16
MinimumVisualStudioVersion = 10.0.40219.1
Project("{F184B08F-C81C-45F6-A57F-5ABD9991F28F}") = "RC5 SU Calc", "RC5 SU Calc.vbproj", "{F566B649-F5FA-45A8-B5D0-6421B7FA9BE5}"
EndProject
Global
	GlobalSection(SolutionConfigurationPlatforms) = preSolution
		Debug|Any CPU = Debug|Any CPU
		Release|Any CPU = Release|Any CPU
	EndGlobalSection
	GlobalSection(ProjectConfigurationPlatforms) = postSolution
		{F566B649-F5FA-45A8-B5D0-6421B7FA9BE5}.Debug|Any CPU.ActiveCfg = Debug|Any CPU
		{F566B649-F5FA-45A8-B5D0-6421B7FA9BE5}.Debug|Any CPU.Build.0 = Debug|Any CPU
		{F566B649-F5FA-45A8-B5D0-6421B7FA9BE5}.Release|Any CPU.ActiveCfg = Release|Any CPU
		{F566B649-F5FA-45A8-B5D0-6421B7FA9BE5}.Release|Any CPU.Build.0 = Release|Any CPU
	EndGlobalSection
	GlobalSection(SolutionProperties) = preSolution
		HideSolutionNode = FALSE
	EndGlobalSection
	GlobalSection(ExtensibilityGlobals) = postSolution
		SolutionGuid = {3854B239-02F1-49FA-B929-ED89FCA1C7C6}
	EndGlobalSection
EndGlobal
